<?xml version="1.0" encoding="UTF-8" standalone="yes" ?>
<CodeBlocks_project_file>
	<FileVersion major="1" minor="6" />
	<Project>
		<Option title="example-simple" />
		<Option makefile_is_custom="1" />
		<Option pch_mode="2" />
		<Option compiler="gcc" />
		<Option virtualFolders="addons/;src/;build config/;addons/ofxOpenCv/libs/opencv/include/opencv2/video/;addons/ofxOpenCv/libs/opencv/include/opencv2/flann/;addons/ofxONI1_5/libs/NITEOpenNI/include/;addons/ofxOpenCv/src/;addons/ofxOpenCv/libs/opencv/include/opencv2/imgproc/;addons/ofxONI1_5/src/;addons/ofxOpenCv/libs/opencv/include/opencv2/ts/;addons/ofxOpenCv/libs/opencv/include/opencv2/core/;addons/ofxOpenCv/libs/opencv/include/opencv2/gpu/;addons/ofxOpenCv/libs/opencv/include/opencv2/legacy/;addons/ofxOpenCv/libs/opencv/include/opencv/;addons/ofxONI1_5/libs/NITEOpenNI/include/Linux-x86/;addons/ofxONI1_5/libs/NITEOpenNI/include/MacOSX/;addons/ofxONI1_5/libs/NITEOpenNI/include/Linux-Arm/;addons/ofxOpenCv/libs/opencv/include/opencv2/;addons/ofxOpenCv/libs/opencv/include/opencv2/contrib/;addons/ofxOpenCv/libs/opencv/include/opencv2/features2d/;addons/ofxOpenCv/libs/opencv/include/opencv2/highgui/;addons/ofxOpenCv/libs/opencv/include/opencv2/ml/;addons/ofxOpenCv/libs/opencv/include/opencv2/objdetect/;addons/ofxOpenCv/libs/opencv/include/opencv2/calib3d/;" />
		<Build>
			<Target title="Debug">
				<Option output="bin/$(PROJECT_NAME)_debug" prefix_auto="1" extension_auto="1" />
				<Option working_dir="bin" />
				<Option object_output="obj/Debug/" />
				<Option external_deps="../../../../libs/openFrameworksCompiled/lib/linux64/libopenFrameworksDebug.a;" />
				<Option type="1" />
				<Option compiler="gcc" />
				<Option projectLinkerOptionsRelation="2" />
				<MakeCommands>
					<Build command="$make -f $makefile $target" />
					<CompileFile command="$make -f $makefile $file" />
					<Clean command="$make -f $makefile clean $target" />
					<DistClean command="$make -f $makefile distclean$target" />
					<AskRebuildNeeded command="$make -q -f $makefile $target" />
					<SilentBuild command="$make -f $makefile $target &gt; $(CMD_NULL)" />
				</MakeCommands>
			</Target>
			<Target title="Release">
				<Option output="bin/$(PROJECT_NAME)" prefix_auto="1" extension_auto="1" />
				<Option working_dir="bin" />
				<Option object_output="obj/Release/" />
				<Option external_deps="../../../../libs/openFrameworksCompiled/lib/linux64/libopenFrameworks.a;" />
				<Option type="1" />
				<Option compiler="gcc" />
				<Option projectLinkerOptionsRelation="2" />
			</Target>
		</Build>
		<Unit filename="../../../../addons/ofxONI1_5/libs/NITEOpenNI/include/IXnNodeAllocator.h">
			<Option virtualFolder="addons/ofxONI1_5/libs/NITEOpenNI/include" />
		</Unit>
		<Unit filename="../../../../addons/ofxONI1_5/libs/NITEOpenNI/include/Linux-Arm/XnPlatformLinux-Arm.h">
			<Option virtualFolder="addons/ofxONI1_5/libs/NITEOpenNI/include/Linux-Arm" />
		</Unit>
		<Unit filename="../../../../addons/ofxONI1_5/libs/NITEOpenNI/include/Linux-x86/XnOSLinux-x86.h">
			<Option virtualFolder="addons/ofxONI1_5/libs/NITEOpenNI/include/Linux-x86" />
		</Unit>
		<Unit filename="../../../../addons/ofxONI1_5/libs/NITEOpenNI/include/Linux-x86/XnPlatformLinux-x86.h">
			<Option virtualFolder="addons/ofxONI1_5/libs/NITEOpenNI/include/Linux-x86" />
		</Unit>
		<Unit filename="../../../../addons/ofxONI1_5/libs/NITEOpenNI/include/MacOSX/XnPlatformMacOSX.h">
			<Option virtualFolder="addons/ofxONI1_5/libs/NITEOpenNI/include/MacOSX" />
		</Unit>
		<Unit filename="../../../../addons/ofxONI1_5/libs/NITEOpenNI/include/XnAlgorithms.h">
			<Option virtualFolder="addons/ofxONI1_5/libs/NITEOpenNI/include" />
		</Unit>
		<Unit filename="../../../../addons/ofxONI1_5/libs/NITEOpenNI/include/XnArray.h">
			<Option virtualFolder="addons/ofxONI1_5/libs/NITEOpenNI/include" />
		</Unit>
		<Unit filename="../../../../addons/ofxONI1_5/libs/NITEOpenNI/include/XnBaseNode.h">
			<Option virtualFolder="addons/ofxONI1_5/libs/NITEOpenNI/include" />
		</Unit>
		<Unit filename="../../../../addons/ofxONI1_5/libs/NITEOpenNI/include/XnBitSet.h">
			<Option virtualFolder="addons/ofxONI1_5/libs/NITEOpenNI/include" />
		</Unit>
		<Unit filename="../../../../addons/ofxONI1_5/libs/NITEOpenNI/include/XnCallback.h">
			<Option virtualFolder="addons/ofxONI1_5/libs/NITEOpenNI/include" />
		</Unit>
		<Unit filename="../../../../addons/ofxONI1_5/libs/NITEOpenNI/include/XnCodecIDs.h">
			<Option virtualFolder="addons/ofxONI1_5/libs/NITEOpenNI/include" />
		</Unit>
		<Unit filename="../../../../addons/ofxONI1_5/libs/NITEOpenNI/include/XnContext.h">
			<Option virtualFolder="addons/ofxONI1_5/libs/NITEOpenNI/include" />
		</Unit>
		<Unit filename="../../../../addons/ofxONI1_5/libs/NITEOpenNI/include/XnCppWrapper.h">
			<Option virtualFolder="addons/ofxONI1_5/libs/NITEOpenNI/include" />
		</Unit>
		<Unit filename="../../../../addons/ofxONI1_5/libs/NITEOpenNI/include/XnCyclicQueueT.h">
			<Option virtualFolder="addons/ofxONI1_5/libs/NITEOpenNI/include" />
		</Unit>
		<Unit filename="../../../../addons/ofxONI1_5/libs/NITEOpenNI/include/XnCyclicStackT.h">
			<Option virtualFolder="addons/ofxONI1_5/libs/NITEOpenNI/include" />
		</Unit>
		<Unit filename="../../../../addons/ofxONI1_5/libs/NITEOpenNI/include/XnDataTypes.h">
			<Option virtualFolder="addons/ofxONI1_5/libs/NITEOpenNI/include" />
		</Unit>
		<Unit filename="../../../../addons/ofxONI1_5/libs/NITEOpenNI/include/XnDerivedCast.h">
			<Option virtualFolder="addons/ofxONI1_5/libs/NITEOpenNI/include" />
		</Unit>
		<Unit filename="../../../../addons/ofxONI1_5/libs/NITEOpenNI/include/XnDump.h">
			<Option virtualFolder="addons/ofxONI1_5/libs/NITEOpenNI/include" />
		</Unit>
		<Unit filename="../../../../addons/ofxONI1_5/libs/NITEOpenNI/include/XnDumpWriters.h">
			<Option virtualFolder="addons/ofxONI1_5/libs/NITEOpenNI/include" />
		</Unit>
		<Unit filename="../../../../addons/ofxONI1_5/libs/NITEOpenNI/include/XnEnumerationErrors.h">
			<Option virtualFolder="addons/ofxONI1_5/libs/NITEOpenNI/include" />
		</Unit>
		<Unit filename="../../../../addons/ofxONI1_5/libs/NITEOpenNI/include/XnEvent.h">
			<Option virtualFolder="addons/ofxONI1_5/libs/NITEOpenNI/include" />
		</Unit>
		<Unit filename="../../../../addons/ofxONI1_5/libs/NITEOpenNI/include/XnEventT.h">
			<Option virtualFolder="addons/ofxONI1_5/libs/NITEOpenNI/include" />
		</Unit>
		<Unit filename="../../../../addons/ofxONI1_5/libs/NITEOpenNI/include/XnFPSCalculator.h">
			<Option virtualFolder="addons/ofxONI1_5/libs/NITEOpenNI/include" />
		</Unit>
		<Unit filename="../../../../addons/ofxONI1_5/libs/NITEOpenNI/include/XnGeneralBuffer.h">
			<Option virtualFolder="addons/ofxONI1_5/libs/NITEOpenNI/include" />
		</Unit>
		<Unit filename="../../../../addons/ofxONI1_5/libs/NITEOpenNI/include/XnHash.h">
			<Option virtualFolder="addons/ofxONI1_5/libs/NITEOpenNI/include" />
		</Unit>
		<Unit filename="../../../../addons/ofxONI1_5/libs/NITEOpenNI/include/XnHashT.h">
			<Option virtualFolder="addons/ofxONI1_5/libs/NITEOpenNI/include" />
		</Unit>
		<Unit filename="../../../../addons/ofxONI1_5/libs/NITEOpenNI/include/XnInternalDefs.h">
			<Option virtualFolder="addons/ofxONI1_5/libs/NITEOpenNI/include" />
		</Unit>
		<Unit filename="../../../../addons/ofxONI1_5/libs/NITEOpenNI/include/XnLicensing.h">
			<Option virtualFolder="addons/ofxONI1_5/libs/NITEOpenNI/include" />
		</Unit>
		<Unit filename="../../../../addons/ofxONI1_5/libs/NITEOpenNI/include/XnList.h">
			<Option virtualFolder="addons/ofxONI1_5/libs/NITEOpenNI/include" />
		</Unit>
		<Unit filename="../../../../addons/ofxONI1_5/libs/NITEOpenNI/include/XnListT.h">
			<Option virtualFolder="addons/ofxONI1_5/libs/NITEOpenNI/include" />
		</Unit>
		<Unit filename="../../../../addons/ofxONI1_5/libs/NITEOpenNI/include/XnLog.h">
			<Option virtualFolder="addons/ofxONI1_5/libs/NITEOpenNI/include" />
		</Unit>
		<Unit filename="../../../../addons/ofxONI1_5/libs/NITEOpenNI/include/XnLogTypes.h">
			<Option virtualFolder="addons/ofxONI1_5/libs/NITEOpenNI/include" />
		</Unit>
		<Unit filename="../../../../addons/ofxONI1_5/libs/NITEOpenNI/include/XnLogWriterBase.h">
			<Option virtualFolder="addons/ofxONI1_5/libs/NITEOpenNI/include" />
		</Unit>
		<Unit filename="../../../../addons/ofxONI1_5/libs/NITEOpenNI/include/XnMacros.h">
			<Option virtualFolder="addons/ofxONI1_5/libs/NITEOpenNI/include" />
		</Unit>
		<Unit filename="../../../../addons/ofxONI1_5/libs/NITEOpenNI/include/XnModuleCFunctions.h">
			<Option virtualFolder="addons/ofxONI1_5/libs/NITEOpenNI/include" />
		</Unit>
		<Unit filename="../../../../addons/ofxONI1_5/libs/NITEOpenNI/include/XnModuleCppInterface.h">
			<Option virtualFolder="addons/ofxONI1_5/libs/NITEOpenNI/include" />
		</Unit>
		<Unit filename="../../../../addons/ofxONI1_5/libs/NITEOpenNI/include/XnModuleCppRegistratration.h">
			<Option virtualFolder="addons/ofxONI1_5/libs/NITEOpenNI/include" />
		</Unit>
		<Unit filename="../../../../addons/ofxONI1_5/libs/NITEOpenNI/include/XnModuleInterface.h">
			<Option virtualFolder="addons/ofxONI1_5/libs/NITEOpenNI/include" />
		</Unit>
		<Unit filename="../../../../addons/ofxONI1_5/libs/NITEOpenNI/include/XnNode.h">
			<Option virtualFolder="addons/ofxONI1_5/libs/NITEOpenNI/include" />
		</Unit>
		<Unit filename="../../../../addons/ofxONI1_5/libs/NITEOpenNI/include/XnNodeAllocator.h">
			<Option virtualFolder="addons/ofxONI1_5/libs/NITEOpenNI/include" />
		</Unit>
		<Unit filename="../../../../addons/ofxONI1_5/libs/NITEOpenNI/include/XnOS.h">
			<Option virtualFolder="addons/ofxONI1_5/libs/NITEOpenNI/include" />
		</Unit>
		<Unit filename="../../../../addons/ofxONI1_5/libs/NITEOpenNI/include/XnOSCpp.h">
			<Option virtualFolder="addons/ofxONI1_5/libs/NITEOpenNI/include" />
		</Unit>
		<Unit filename="../../../../addons/ofxONI1_5/libs/NITEOpenNI/include/XnOSMemory.h">
			<Option virtualFolder="addons/ofxONI1_5/libs/NITEOpenNI/include" />
		</Unit>
		<Unit filename="../../../../addons/ofxONI1_5/libs/NITEOpenNI/include/XnOSStrings.h">
			<Option virtualFolder="addons/ofxONI1_5/libs/NITEOpenNI/include" />
		</Unit>
		<Unit filename="../../../../addons/ofxONI1_5/libs/NITEOpenNI/include/XnOpenNI.h">
			<Option virtualFolder="addons/ofxONI1_5/libs/NITEOpenNI/include" />
		</Unit>
		<Unit filename="../../../../addons/ofxONI1_5/libs/NITEOpenNI/include/XnPlatform.h">
			<Option virtualFolder="addons/ofxONI1_5/libs/NITEOpenNI/include" />
		</Unit>
		<Unit filename="../../../../addons/ofxONI1_5/libs/NITEOpenNI/include/XnPrdNode.h">
			<Option virtualFolder="addons/ofxONI1_5/libs/NITEOpenNI/include" />
		</Unit>
		<Unit filename="../../../../addons/ofxONI1_5/libs/NITEOpenNI/include/XnPrdNodeInfo.h">
			<Option virtualFolder="addons/ofxONI1_5/libs/NITEOpenNI/include" />
		</Unit>
		<Unit filename="../../../../addons/ofxONI1_5/libs/NITEOpenNI/include/XnPrdNodeInfoList.h">
			<Option virtualFolder="addons/ofxONI1_5/libs/NITEOpenNI/include" />
		</Unit>
		<Unit filename="../../../../addons/ofxONI1_5/libs/NITEOpenNI/include/XnProfiling.h">
			<Option virtualFolder="addons/ofxONI1_5/libs/NITEOpenNI/include" />
		</Unit>
		<Unit filename="../../../../addons/ofxONI1_5/libs/NITEOpenNI/include/XnPropNames.h">
			<Option virtualFolder="addons/ofxONI1_5/libs/NITEOpenNI/include" />
		</Unit>
		<Unit filename="../../../../addons/ofxONI1_5/libs/NITEOpenNI/include/XnQueries.h">
			<Option virtualFolder="addons/ofxONI1_5/libs/NITEOpenNI/include" />
		</Unit>
		<Unit filename="../../../../addons/ofxONI1_5/libs/NITEOpenNI/include/XnQueue.h">
			<Option virtualFolder="addons/ofxONI1_5/libs/NITEOpenNI/include" />
		</Unit>
		<Unit filename="../../../../addons/ofxONI1_5/libs/NITEOpenNI/include/XnQueueT.h">
			<Option virtualFolder="addons/ofxONI1_5/libs/NITEOpenNI/include" />
		</Unit>
		<Unit filename="../../../../addons/ofxONI1_5/libs/NITEOpenNI/include/XnScheduler.h">
			<Option virtualFolder="addons/ofxONI1_5/libs/NITEOpenNI/include" />
		</Unit>
		<Unit filename="../../../../addons/ofxONI1_5/libs/NITEOpenNI/include/XnStack.h">
			<Option virtualFolder="addons/ofxONI1_5/libs/NITEOpenNI/include" />
		</Unit>
		<Unit filename="../../../../addons/ofxONI1_5/libs/NITEOpenNI/include/XnStackT.h">
			<Option virtualFolder="addons/ofxONI1_5/libs/NITEOpenNI/include" />
		</Unit>
		<Unit filename="../../../../addons/ofxONI1_5/libs/NITEOpenNI/include/XnStatus.h">
			<Option virtualFolder="addons/ofxONI1_5/libs/NITEOpenNI/include" />
		</Unit>
		<Unit filename="../../../../addons/ofxONI1_5/libs/NITEOpenNI/include/XnStatusCodes.h">
			<Option virtualFolder="addons/ofxONI1_5/libs/NITEOpenNI/include" />
		</Unit>
		<Unit filename="../../../../addons/ofxONI1_5/libs/NITEOpenNI/include/XnStatusRegister.h">
			<Option virtualFolder="addons/ofxONI1_5/libs/NITEOpenNI/include" />
		</Unit>
		<Unit filename="../../../../addons/ofxONI1_5/libs/NITEOpenNI/include/XnStringsHash.h">
			<Option virtualFolder="addons/ofxONI1_5/libs/NITEOpenNI/include" />
		</Unit>
		<Unit filename="../../../../addons/ofxONI1_5/libs/NITEOpenNI/include/XnStringsHashT.h">
			<Option virtualFolder="addons/ofxONI1_5/libs/NITEOpenNI/include" />
		</Unit>
		<Unit filename="../../../../addons/ofxONI1_5/libs/NITEOpenNI/include/XnThreadSafeQueue.h">
			<Option virtualFolder="addons/ofxONI1_5/libs/NITEOpenNI/include" />
		</Unit>
		<Unit filename="../../../../addons/ofxONI1_5/libs/NITEOpenNI/include/XnTypes.h">
			<Option virtualFolder="addons/ofxONI1_5/libs/NITEOpenNI/include" />
		</Unit>
		<Unit filename="../../../../addons/ofxONI1_5/libs/NITEOpenNI/include/XnUSB.h">
			<Option virtualFolder="addons/ofxONI1_5/libs/NITEOpenNI/include" />
		</Unit>
		<Unit filename="../../../../addons/ofxONI1_5/libs/NITEOpenNI/include/XnUSBDevice.h">
			<Option virtualFolder="addons/ofxONI1_5/libs/NITEOpenNI/include" />
		</Unit>
		<Unit filename="../../../../addons/ofxONI1_5/libs/NITEOpenNI/include/XnUtils.h">
			<Option virtualFolder="addons/ofxONI1_5/libs/NITEOpenNI/include" />
		</Unit>
		<Unit filename="../../../../addons/ofxONI1_5/libs/NITEOpenNI/include/XnVersion.h">
			<Option virtualFolder="addons/ofxONI1_5/libs/NITEOpenNI/include" />
		</Unit>
		<Unit filename="../../../../addons/ofxONI1_5/src/ofxBase3DVideo.h">
			<Option virtualFolder="addons/ofxONI1_5/src" />
		</Unit>
		<Unit filename="../../../../addons/ofxONI1_5/src/ofxONI1_5.cpp">
			<Option virtualFolder="addons/ofxONI1_5/src" />
		</Unit>
		<Unit filename="../../../../addons/ofxONI1_5/src/ofxONI1_5.h">
			<Option virtualFolder="addons/ofxONI1_5/src" />
		</Unit>
		<Unit filename="../../../../addons/ofxOpenCv/libs/opencv/include/opencv/cv.h">
			<Option virtualFolder="addons/ofxOpenCv/libs/opencv/include/opencv" />
		</Unit>
		<Unit filename="../../../../addons/ofxOpenCv/libs/opencv/include/opencv/cv.hpp">
			<Option virtualFolder="addons/ofxOpenCv/libs/opencv/include/opencv" />
		</Unit>
		<Unit filename="../../../../addons/ofxOpenCv/libs/opencv/include/opencv/cvaux.h">
			<Option virtualFolder="addons/ofxOpenCv/libs/opencv/include/opencv" />
		</Unit>
		<Unit filename="../../../../addons/ofxOpenCv/libs/opencv/include/opencv/cvaux.hpp">
			<Option virtualFolder="addons/ofxOpenCv/libs/opencv/include/opencv" />
		</Unit>
		<Unit filename="../../../../addons/ofxOpenCv/libs/opencv/include/opencv/cvwimage.h">
			<Option virtualFolder="addons/ofxOpenCv/libs/opencv/include/opencv" />
		</Unit>
		<Unit filename="../../../../addons/ofxOpenCv/libs/opencv/include/opencv/cxcore.h">
			<Option virtualFolder="addons/ofxOpenCv/libs/opencv/include/opencv" />
		</Unit>
		<Unit filename="../../../../addons/ofxOpenCv/libs/opencv/include/opencv/cxcore.hpp">
			<Option virtualFolder="addons/ofxOpenCv/libs/opencv/include/opencv" />
		</Unit>
		<Unit filename="../../../../addons/ofxOpenCv/libs/opencv/include/opencv/cxeigen.hpp">
			<Option virtualFolder="addons/ofxOpenCv/libs/opencv/include/opencv" />
		</Unit>
		<Unit filename="../../../../addons/ofxOpenCv/libs/opencv/include/opencv/cxmisc.h">
			<Option virtualFolder="addons/ofxOpenCv/libs/opencv/include/opencv" />
		</Unit>
		<Unit filename="../../../../addons/ofxOpenCv/libs/opencv/include/opencv/highgui.h">
			<Option virtualFolder="addons/ofxOpenCv/libs/opencv/include/opencv" />
		</Unit>
		<Unit filename="../../../../addons/ofxOpenCv/libs/opencv/include/opencv/ml.h">
			<Option virtualFolder="addons/ofxOpenCv/libs/opencv/include/opencv" />
		</Unit>
		<Unit filename="../../../../addons/ofxOpenCv/libs/opencv/include/opencv2/calib3d/calib3d.hpp">
			<Option virtualFolder="addons/ofxOpenCv/libs/opencv/include/opencv2/calib3d" />
		</Unit>
		<Unit filename="../../../../addons/ofxOpenCv/libs/opencv/include/opencv2/contrib/contrib.hpp">
			<Option virtualFolder="addons/ofxOpenCv/libs/opencv/include/opencv2/contrib" />
		</Unit>
		<Unit filename="../../../../addons/ofxOpenCv/libs/opencv/include/opencv2/contrib/retina.hpp">
			<Option virtualFolder="addons/ofxOpenCv/libs/opencv/include/opencv2/contrib" />
		</Unit>
		<Unit filename="../../../../addons/ofxOpenCv/libs/opencv/include/opencv2/core/core.hpp">
			<Option virtualFolder="addons/ofxOpenCv/libs/opencv/include/opencv2/core" />
		</Unit>
		<Unit filename="../../../../addons/ofxOpenCv/libs/opencv/include/opencv2/core/core_c.h">
			<Option virtualFolder="addons/ofxOpenCv/libs/opencv/include/opencv2/core" />
		</Unit>
		<Unit filename="../../../../addons/ofxOpenCv/libs/opencv/include/opencv2/core/eigen.hpp">
			<Option virtualFolder="addons/ofxOpenCv/libs/opencv/include/opencv2/core" />
		</Unit>
		<Unit filename="../../../../addons/ofxOpenCv/libs/opencv/include/opencv2/core/internal.hpp">
			<Option virtualFolder="addons/ofxOpenCv/libs/opencv/include/opencv2/core" />
		</Unit>
		<Unit filename="../../../../addons/ofxOpenCv/libs/opencv/include/opencv2/core/mat.hpp">
			<Option virtualFolder="addons/ofxOpenCv/libs/opencv/include/opencv2/core" />
		</Unit>
		<Unit filename="../../../../addons/ofxOpenCv/libs/opencv/include/opencv2/core/operations.hpp">
			<Option virtualFolder="addons/ofxOpenCv/libs/opencv/include/opencv2/core" />
		</Unit>
		<Unit filename="../../../../addons/ofxOpenCv/libs/opencv/include/opencv2/core/types_c.h">
			<Option virtualFolder="addons/ofxOpenCv/libs/opencv/include/opencv2/core" />
		</Unit>
		<Unit filename="../../../../addons/ofxOpenCv/libs/opencv/include/opencv2/core/version.hpp">
			<Option virtualFolder="addons/ofxOpenCv/libs/opencv/include/opencv2/core" />
		</Unit>
		<Unit filename="../../../../addons/ofxOpenCv/libs/opencv/include/opencv2/core/wimage.hpp">
			<Option virtualFolder="addons/ofxOpenCv/libs/opencv/include/opencv2/core" />
		</Unit>
		<Unit filename="../../../../addons/ofxOpenCv/libs/opencv/include/opencv2/features2d/features2d.hpp">
			<Option virtualFolder="addons/ofxOpenCv/libs/opencv/include/opencv2/features2d" />
		</Unit>
		<Unit filename="../../../../addons/ofxOpenCv/libs/opencv/include/opencv2/flann/all_indices.h">
			<Option virtualFolder="addons/ofxOpenCv/libs/opencv/include/opencv2/flann" />
		</Unit>
		<Unit filename="../../../../addons/ofxOpenCv/libs/opencv/include/opencv2/flann/allocator.h">
			<Option virtualFolder="addons/ofxOpenCv/libs/opencv/include/opencv2/flann" />
		</Unit>
		<Unit filename="../../../../addons/ofxOpenCv/libs/opencv/include/opencv2/flann/any.h">
			<Option virtualFolder="addons/ofxOpenCv/libs/opencv/include/opencv2/flann" />
		</Unit>
		<Unit filename="../../../../addons/ofxOpenCv/libs/opencv/include/opencv2/flann/autotuned_index.h">
			<Option virtualFolder="addons/ofxOpenCv/libs/opencv/include/opencv2/flann" />
		</Unit>
		<Unit filename="../../../../addons/ofxOpenCv/libs/opencv/include/opencv2/flann/composite_index.h">
			<Option virtualFolder="addons/ofxOpenCv/libs/opencv/include/opencv2/flann" />
		</Unit>
		<Unit filename="../../../../addons/ofxOpenCv/libs/opencv/include/opencv2/flann/config.h">
			<Option virtualFolder="addons/ofxOpenCv/libs/opencv/include/opencv2/flann" />
		</Unit>
		<Unit filename="../../../../addons/ofxOpenCv/libs/opencv/include/opencv2/flann/defines.h">
			<Option virtualFolder="addons/ofxOpenCv/libs/opencv/include/opencv2/flann" />
		</Unit>
		<Unit filename="../../../../addons/ofxOpenCv/libs/opencv/include/opencv2/flann/dist.h">
			<Option virtualFolder="addons/ofxOpenCv/libs/opencv/include/opencv2/flann" />
		</Unit>
		<Unit filename="../../../../addons/ofxOpenCv/libs/opencv/include/opencv2/flann/dummy.h">
			<Option virtualFolder="addons/ofxOpenCv/libs/opencv/include/opencv2/flann" />
		</Unit>
		<Unit filename="../../../../addons/ofxOpenCv/libs/opencv/include/opencv2/flann/dynamic_bitset.h">
			<Option virtualFolder="addons/ofxOpenCv/libs/opencv/include/opencv2/flann" />
		</Unit>
		<Unit filename="../../../../addons/ofxOpenCv/libs/opencv/include/opencv2/flann/flann.hpp">
			<Option virtualFolder="addons/ofxOpenCv/libs/opencv/include/opencv2/flann" />
		</Unit>
		<Unit filename="../../../../addons/ofxOpenCv/libs/opencv/include/opencv2/flann/flann_base.hpp">
			<Option virtualFolder="addons/ofxOpenCv/libs/opencv/include/opencv2/flann" />
		</Unit>
		<Unit filename="../../../../addons/ofxOpenCv/libs/opencv/include/opencv2/flann/general.h">
			<Option virtualFolder="addons/ofxOpenCv/libs/opencv/include/opencv2/flann" />
		</Unit>
		<Unit filename="../../../../addons/ofxOpenCv/libs/opencv/include/opencv2/flann/ground_truth.h">
			<Option virtualFolder="addons/ofxOpenCv/libs/opencv/include/opencv2/flann" />
		</Unit>
		<Unit filename="../../../../addons/ofxOpenCv/libs/opencv/include/opencv2/flann/hdf5.h">
			<Option virtualFolder="addons/ofxOpenCv/libs/opencv/include/opencv2/flann" />
		</Unit>
		<Unit filename="../../../../addons/ofxOpenCv/libs/opencv/include/opencv2/flann/heap.h">
			<Option virtualFolder="addons/ofxOpenCv/libs/opencv/include/opencv2/flann" />
		</Unit>
		<Unit filename="../../../../addons/ofxOpenCv/libs/opencv/include/opencv2/flann/hierarchical_clustering_index.h">
			<Option virtualFolder="addons/ofxOpenCv/libs/opencv/include/opencv2/flann" />
		</Unit>
		<Unit filename="../../../../addons/ofxOpenCv/libs/opencv/include/opencv2/flann/index_testing.h">
			<Option virtualFolder="addons/ofxOpenCv/libs/opencv/include/opencv2/flann" />
		</Unit>
		<Unit filename="../../../../addons/ofxOpenCv/libs/opencv/include/opencv2/flann/kdtree_index.h">
			<Option virtualFolder="addons/ofxOpenCv/libs/opencv/include/opencv2/flann" />
		</Unit>
		<Unit filename="../../../../addons/ofxOpenCv/libs/opencv/include/opencv2/flann/kdtree_single_index.h">
			<Option virtualFolder="addons/ofxOpenCv/libs/opencv/include/opencv2/flann" />
		</Unit>
		<Unit filename="../../../../addons/ofxOpenCv/libs/opencv/include/opencv2/flann/kmeans_index.h">
			<Option virtualFolder="addons/ofxOpenCv/libs/opencv/include/opencv2/flann" />
		</Unit>
		<Unit filename="../../../../addons/ofxOpenCv/libs/opencv/include/opencv2/flann/linear_index.h">
			<Option virtualFolder="addons/ofxOpenCv/libs/opencv/include/opencv2/flann" />
		</Unit>
		<Unit filename="../../../../addons/ofxOpenCv/libs/opencv/include/opencv2/flann/logger.h">
			<Option virtualFolder="addons/ofxOpenCv/libs/opencv/include/opencv2/flann" />
		</Unit>
		<Unit filename="../../../../addons/ofxOpenCv/libs/opencv/include/opencv2/flann/lsh_index.h">
			<Option virtualFolder="addons/ofxOpenCv/libs/opencv/include/opencv2/flann" />
		</Unit>
		<Unit filename="../../../../addons/ofxOpenCv/libs/opencv/include/opencv2/flann/lsh_table.h">
			<Option virtualFolder="addons/ofxOpenCv/libs/opencv/include/opencv2/flann" />
		</Unit>
		<Unit filename="../../../../addons/ofxOpenCv/libs/opencv/include/opencv2/flann/matrix.h">
			<Option virtualFolder="addons/ofxOpenCv/libs/opencv/include/opencv2/flann" />
		</Unit>
		<Unit filename="../../../../addons/ofxOpenCv/libs/opencv/include/opencv2/flann/miniflann.hpp">
			<Option virtualFolder="addons/ofxOpenCv/libs/opencv/include/opencv2/flann" />
		</Unit>
		<Unit filename="../../../../addons/ofxOpenCv/libs/opencv/include/opencv2/flann/nn_index.h">
			<Option virtualFolder="addons/ofxOpenCv/libs/opencv/include/opencv2/flann" />
		</Unit>
		<Unit filename="../../../../addons/ofxOpenCv/libs/opencv/include/opencv2/flann/object_factory.h">
			<Option virtualFolder="addons/ofxOpenCv/libs/opencv/include/opencv2/flann" />
		</Unit>
		<Unit filename="../../../../addons/ofxOpenCv/libs/opencv/include/opencv2/flann/params.h">
			<Option virtualFolder="addons/ofxOpenCv/libs/opencv/include/opencv2/flann" />
		</Unit>
		<Unit filename="../../../../addons/ofxOpenCv/libs/opencv/include/opencv2/flann/random.h">
			<Option virtualFolder="addons/ofxOpenCv/libs/opencv/include/opencv2/flann" />
		</Unit>
		<Unit filename="../../../../addons/ofxOpenCv/libs/opencv/include/opencv2/flann/result_set.h">
			<Option virtualFolder="addons/ofxOpenCv/libs/opencv/include/opencv2/flann" />
		</Unit>
		<Unit filename="../../../../addons/ofxOpenCv/libs/opencv/include/opencv2/flann/sampling.h">
			<Option virtualFolder="addons/ofxOpenCv/libs/opencv/include/opencv2/flann" />
		</Unit>
		<Unit filename="../../../../addons/ofxOpenCv/libs/opencv/include/opencv2/flann/saving.h">
			<Option virtualFolder="addons/ofxOpenCv/libs/opencv/include/opencv2/flann" />
		</Unit>
		<Unit filename="../../../../addons/ofxOpenCv/libs/opencv/include/opencv2/flann/simplex_downhill.h">
			<Option virtualFolder="addons/ofxOpenCv/libs/opencv/include/opencv2/flann" />
		</Unit>
		<Unit filename="../../../../addons/ofxOpenCv/libs/opencv/include/opencv2/flann/timer.h">
			<Option virtualFolder="addons/ofxOpenCv/libs/opencv/include/opencv2/flann" />
		</Unit>
		<Unit filename="../../../../addons/ofxOpenCv/libs/opencv/include/opencv2/gpu/devmem2d.hpp">
			<Option virtualFolder="addons/ofxOpenCv/libs/opencv/include/opencv2/gpu" />
		</Unit>
		<Unit filename="../../../../addons/ofxOpenCv/libs/opencv/include/opencv2/gpu/gpu.hpp">
			<Option virtualFolder="addons/ofxOpenCv/libs/opencv/include/opencv2/gpu" />
		</Unit>
		<Unit filename="../../../../addons/ofxOpenCv/libs/opencv/include/opencv2/gpu/gpumat.hpp">
			<Option virtualFolder="addons/ofxOpenCv/libs/opencv/include/opencv2/gpu" />
		</Unit>
		<Unit filename="../../../../addons/ofxOpenCv/libs/opencv/include/opencv2/gpu/matrix_operations.hpp">
			<Option virtualFolder="addons/ofxOpenCv/libs/opencv/include/opencv2/gpu" />
		</Unit>
		<Unit filename="../../../../addons/ofxOpenCv/libs/opencv/include/opencv2/gpu/stream_accessor.hpp">
			<Option virtualFolder="addons/ofxOpenCv/libs/opencv/include/opencv2/gpu" />
		</Unit>
		<Unit filename="../../../../addons/ofxOpenCv/libs/opencv/include/opencv2/highgui/highgui.hpp">
			<Option virtualFolder="addons/ofxOpenCv/libs/opencv/include/opencv2/highgui" />
		</Unit>
		<Unit filename="../../../../addons/ofxOpenCv/libs/opencv/include/opencv2/highgui/highgui_c.h">
			<Option virtualFolder="addons/ofxOpenCv/libs/opencv/include/opencv2/highgui" />
		</Unit>
		<Unit filename="../../../../addons/ofxOpenCv/libs/opencv/include/opencv2/imgproc/imgproc.hpp">
			<Option virtualFolder="addons/ofxOpenCv/libs/opencv/include/opencv2/imgproc" />
		</Unit>
		<Unit filename="../../../../addons/ofxOpenCv/libs/opencv/include/opencv2/imgproc/imgproc_c.h">
			<Option virtualFolder="addons/ofxOpenCv/libs/opencv/include/opencv2/imgproc" />
		</Unit>
		<Unit filename="../../../../addons/ofxOpenCv/libs/opencv/include/opencv2/imgproc/types_c.h">
			<Option virtualFolder="addons/ofxOpenCv/libs/opencv/include/opencv2/imgproc" />
		</Unit>
		<Unit filename="../../../../addons/ofxOpenCv/libs/opencv/include/opencv2/legacy/blobtrack.hpp">
			<Option virtualFolder="addons/ofxOpenCv/libs/opencv/include/opencv2/legacy" />
		</Unit>
		<Unit filename="../../../../addons/ofxOpenCv/libs/opencv/include/opencv2/legacy/compat.hpp">
			<Option virtualFolder="addons/ofxOpenCv/libs/opencv/include/opencv2/legacy" />
		</Unit>
		<Unit filename="../../../../addons/ofxOpenCv/libs/opencv/include/opencv2/legacy/legacy.hpp">
			<Option virtualFolder="addons/ofxOpenCv/libs/opencv/include/opencv2/legacy" />
		</Unit>
		<Unit filename="../../../../addons/ofxOpenCv/libs/opencv/include/opencv2/legacy/streams.hpp">
			<Option virtualFolder="addons/ofxOpenCv/libs/opencv/include/opencv2/legacy" />
		</Unit>
		<Unit filename="../../../../addons/ofxOpenCv/libs/opencv/include/opencv2/ml/ml.hpp">
			<Option virtualFolder="addons/ofxOpenCv/libs/opencv/include/opencv2/ml" />
		</Unit>
		<Unit filename="../../../../addons/ofxOpenCv/libs/opencv/include/opencv2/objdetect/objdetect.hpp">
			<Option virtualFolder="addons/ofxOpenCv/libs/opencv/include/opencv2/objdetect" />
		</Unit>
		<Unit filename="../../../../addons/ofxOpenCv/libs/opencv/include/opencv2/opencv.hpp">
			<Option virtualFolder="addons/ofxOpenCv/libs/opencv/include/opencv2" />
		</Unit>
		<Unit filename="../../../../addons/ofxOpenCv/libs/opencv/include/opencv2/ts/ts.hpp">
			<Option virtualFolder="addons/ofxOpenCv/libs/opencv/include/opencv2/ts" />
		</Unit>
		<Unit filename="../../../../addons/ofxOpenCv/libs/opencv/include/opencv2/ts/ts_gtest.h">
			<Option virtualFolder="addons/ofxOpenCv/libs/opencv/include/opencv2/ts" />
		</Unit>
		<Unit filename="../../../../addons/ofxOpenCv/libs/opencv/include/opencv2/video/background_segm.hpp">
			<Option virtualFolder="addons/ofxOpenCv/libs/opencv/include/opencv2/video" />
		</Unit>
		<Unit filename="../../../../addons/ofxOpenCv/libs/opencv/include/opencv2/video/tracking.hpp">
			<Option virtualFolder="addons/ofxOpenCv/libs/opencv/include/opencv2/video" />
		</Unit>
		<Unit filename="../../../../addons/ofxOpenCv/libs/opencv/include/opencv2/video/video.hpp">
			<Option virtualFolder="addons/ofxOpenCv/libs/opencv/include/opencv2/video" />
		</Unit>
		<Unit filename="../../../../addons/ofxOpenCv/src/ofxCvBlob.h">
			<Option virtualFolder="addons/ofxOpenCv/src" />
		</Unit>
		<Unit filename="../../../../addons/ofxOpenCv/src/ofxCvColorImage.cpp">
			<Option virtualFolder="addons/ofxOpenCv/src" />
		</Unit>
		<Unit filename="../../../../addons/ofxOpenCv/src/ofxCvColorImage.h">
			<Option virtualFolder="addons/ofxOpenCv/src" />
		</Unit>
		<Unit filename="../../../../addons/ofxOpenCv/src/ofxCvConstants.h">
			<Option virtualFolder="addons/ofxOpenCv/src" />
		</Unit>
		<Unit filename="../../../../addons/ofxOpenCv/src/ofxCvContourFinder.cpp">
			<Option virtualFolder="addons/ofxOpenCv/src" />
		</Unit>
		<Unit filename="../../../../addons/ofxOpenCv/src/ofxCvContourFinder.h">
			<Option virtualFolder="addons/ofxOpenCv/src" />
		</Unit>
		<Unit filename="../../../../addons/ofxOpenCv/src/ofxCvFloatImage.cpp">
			<Option virtualFolder="addons/ofxOpenCv/src" />
		</Unit>
		<Unit filename="../../../../addons/ofxOpenCv/src/ofxCvFloatImage.h">
			<Option virtualFolder="addons/ofxOpenCv/src" />
		</Unit>
		<Unit filename="../../../../addons/ofxOpenCv/src/ofxCvGrayscaleImage.cpp">
			<Option virtualFolder="addons/ofxOpenCv/src" />
		</Unit>
		<Unit filename="../../../../addons/ofxOpenCv/src/ofxCvGrayscaleImage.h">
			<Option virtualFolder="addons/ofxOpenCv/src" />
		</Unit>
		<Unit filename="../../../../addons/ofxOpenCv/src/ofxCvHaarFinder.cpp">
			<Option virtualFolder="addons/ofxOpenCv/src" />
		</Unit>
		<Unit filename="../../../../addons/ofxOpenCv/src/ofxCvHaarFinder.h">
			<Option virtualFolder="addons/ofxOpenCv/src" />
		</Unit>
		<Unit filename="../../../../addons/ofxOpenCv/src/ofxCvImage.cpp">
			<Option virtualFolder="addons/ofxOpenCv/src" />
		</Unit>
		<Unit filename="../../../../addons/ofxOpenCv/src/ofxCvImage.h">
			<Option virtualFolder="addons/ofxOpenCv/src" />
		</Unit>
		<Unit filename="../../../../addons/ofxOpenCv/src/ofxCvMain.h">
			<Option virtualFolder="addons/ofxOpenCv/src" />
		</Unit>
		<Unit filename="../../../../addons/ofxOpenCv/src/ofxCvShortImage.cpp">
			<Option virtualFolder="addons/ofxOpenCv/src" />
		</Unit>
		<Unit filename="../../../../addons/ofxOpenCv/src/ofxCvShortImage.h">
			<Option virtualFolder="addons/ofxOpenCv/src" />
		</Unit>
		<Unit filename="../../../../addons/ofxOpenCv/src/ofxOpenCv.h">
			<Option virtualFolder="addons/ofxOpenCv/src" />
		</Unit>
		<Unit filename="../libs/NITEOpenNI/include/IXnNodeAllocator.h" />
		<Unit filename="../libs/NITEOpenNI/include/XnAlgorithms.h" />
		<Unit filename="../libs/NITEOpenNI/include/XnArray.h" />
		<Unit filename="../libs/NITEOpenNI/include/XnBaseNode.h" />
		<Unit filename="../libs/NITEOpenNI/include/XnBitSet.h" />
		<Unit filename="../libs/NITEOpenNI/include/XnCallback.h" />
		<Unit filename="../libs/NITEOpenNI/include/XnCodecIDs.h" />
		<Unit filename="../libs/NITEOpenNI/include/XnContext.h" />
		<Unit filename="../libs/NITEOpenNI/include/XnCppWrapper.h" />
		<Unit filename="../libs/NITEOpenNI/include/XnCyclicQueueT.h" />
		<Unit filename="../libs/NITEOpenNI/include/XnCyclicStackT.h" />
		<Unit filename="../libs/NITEOpenNI/include/XnDataTypes.h" />
		<Unit filename="../libs/NITEOpenNI/include/XnDerivedCast.h" />
		<Unit filename="../libs/NITEOpenNI/include/XnDump.h" />
		<Unit filename="../libs/NITEOpenNI/include/XnDumpWriters.h" />
		<Unit filename="../libs/NITEOpenNI/include/XnEnumerationErrors.h" />
		<Unit filename="../libs/NITEOpenNI/include/XnEvent.h" />
		<Unit filename="../libs/NITEOpenNI/include/XnEventT.h" />
		<Unit filename="../libs/NITEOpenNI/include/XnFPSCalculator.h" />
		<Unit filename="../libs/NITEOpenNI/include/XnGeneralBuffer.h" />
		<Unit filename="../libs/NITEOpenNI/include/XnHash.h" />
		<Unit filename="../libs/NITEOpenNI/include/XnHashT.h" />
		<Unit filename="../libs/NITEOpenNI/include/XnInternalDefs.h" />
		<Unit filename="../libs/NITEOpenNI/include/XnLicensing.h" />
		<Unit filename="../libs/NITEOpenNI/include/XnList.h" />
		<Unit filename="../libs/NITEOpenNI/include/XnListT.h" />
		<Unit filename="../libs/NITEOpenNI/include/XnLog.h" />
		<Unit filename="../libs/NITEOpenNI/include/XnLogTypes.h" />
		<Unit filename="../libs/NITEOpenNI/include/XnLogWriterBase.h" />
		<Unit filename="../libs/NITEOpenNI/include/XnMacros.h" />
		<Unit filename="../libs/NITEOpenNI/include/XnModuleCFunctions.h" />
		<Unit filename="../libs/NITEOpenNI/include/XnModuleCppInterface.h" />
		<Unit filename="../libs/NITEOpenNI/include/XnModuleCppRegistratration.h" />
		<Unit filename="../libs/NITEOpenNI/include/XnModuleInterface.h" />
		<Unit filename="../libs/NITEOpenNI/include/XnNode.h" />
		<Unit filename="../libs/NITEOpenNI/include/XnNodeAllocator.h" />
		<Unit filename="../libs/NITEOpenNI/include/XnOS.h" />
		<Unit filename="../libs/NITEOpenNI/include/XnOSCpp.h" />
		<Unit filename="../libs/NITEOpenNI/include/XnOSMemory.h" />
		<Unit filename="../libs/NITEOpenNI/include/XnOSStrings.h" />
		<Unit filename="../libs/NITEOpenNI/include/XnOpenNI.h" />
		<Unit filename="../libs/NITEOpenNI/include/XnPlatform.h" />
		<Unit filename="../libs/NITEOpenNI/include/XnPrdNode.h" />
		<Unit filename="../libs/NITEOpenNI/include/XnPrdNodeInfo.h" />
		<Unit filename="../libs/NITEOpenNI/include/XnPrdNodeInfoList.h" />
		<Unit filename="../libs/NITEOpenNI/include/XnProfiling.h" />
		<Unit filename="../libs/NITEOpenNI/include/XnPropNames.h" />
		<Unit filename="../libs/NITEOpenNI/include/XnQueries.h" />
		<Unit filename="../libs/NITEOpenNI/include/XnQueue.h" />
		<Unit filename="../libs/NITEOpenNI/include/XnQueueT.h" />
		<Unit filename="../libs/NITEOpenNI/include/XnScheduler.h" />
		<Unit filename="../libs/NITEOpenNI/include/XnStack.h" />
		<Unit filename="../libs/NITEOpenNI/include/XnStackT.h" />
		<Unit filename="../libs/NITEOpenNI/include/XnStatus.h" />
		<Unit filename="../libs/NITEOpenNI/include/XnStatusCodes.h" />
		<Unit filename="../libs/NITEOpenNI/include/XnStatusRegister.h" />
		<Unit filename="../libs/NITEOpenNI/include/XnStringsHash.h" />
		<Unit filename="../libs/NITEOpenNI/include/XnStringsHashT.h" />
		<Unit filename="../libs/NITEOpenNI/include/XnThreadSafeQueue.h" />
		<Unit filename="../libs/NITEOpenNI/include/XnTypes.h" />
		<Unit filename="../libs/NITEOpenNI/include/XnUSB.h" />
		<Unit filename="../libs/NITEOpenNI/include/XnUSBDevice.h" />
		<Unit filename="../libs/NITEOpenNI/include/XnUtils.h" />
		<Unit filename="../libs/NITEOpenNI/include/XnVersion.h" />
		<Unit filename="../src/ofxBase3DVideo.h" />
		<Unit filename="../src/ofxONI1_5.cpp">
			<Option virtualFolder="src/" />
		</Unit>
		<Unit filename="../src/ofxONI1_5.h">
			<Option virtualFolder="src/" />
		</Unit>
		<Unit filename="config.make">
			<Option virtualFolder="build config" />
		</Unit>
		<Unit filename="src/main.cpp">
			<Option virtualFolder="src/" />
		</Unit>
		<Unit filename="src/testApp.cpp">
			<Option virtualFolder="src/" />
		</Unit>
		<Unit filename="src/testApp.h">
			<Option virtualFolder="src/" />
		</Unit>
		<Extensions>
			<code_completion />
			<envvars />
			<debugger />
		</Extensions>
	</Project>
</CodeBlocks_project_file>
